
Microsoft Visual Studio Solution File, Format Version 12.00
# Visual Studio Version 17
VisualStudioVersion = 17.9.34622.214
MinimumVisualStudioVersion = 10.0.40219.1
Project("{FAE04EC0-301F-11D3-BF4B-00C04F79EFBC}") = "Desktop", "Desktop\Desktop.csproj", "{AA883B8B-7C07-42AF-908C-A6BE7D93FDDD}"
EndProject
Project("{FAE04EC0-301F-11D3-BF4B-00C04F79EFBC}") = "BLL", "BLL\BLL.csproj", "{50C8B281-D894-4292-B3AF-A7B6D4C14BD5}"
EndProject
Project("{FAE04EC0-301F-11D3-BF4B-00C04F79EFBC}") = "ABS", "ABS\ABS.csproj", "{1055569F-9FA7-48E1-B522-D49106EDD9BE}"
EndProject
Project("{FAE04EC0-301F-11D3-BF4B-00C04F79EFBC}") = "Presenter", "Presenter\Presenter.csproj", "{2B67A5CD-6F64-4FBD-B388-6FC41A2CEB2B}"
EndProject
Project("{FAE04EC0-301F-11D3-BF4B-00C04F79EFBC}") = "Web", "Web\Web.csproj", "{43E8F5C8-5408-48A5-AD9F-98CB2091758C}"
EndProject
Global
	GlobalSection(SolutionConfigurationPlatforms) = preSolution
		Debug|Any CPU = Debug|Any CPU
		Release|Any CPU = Release|Any CPU
	EndGlobalSection
	GlobalSection(ProjectConfigurationPlatforms) = postSolution
		{AA883B8B-7C07-42AF-908C-A6BE7D93FDDD}.Debug|Any CPU.ActiveCfg = Debug|Any CPU
		{AA883B8B-7C07-42AF-908C-A6BE7D93FDDD}.Debug|Any CPU.Build.0 = Debug|Any CPU
		{AA883B8B-7C07-42AF-908C-A6BE7D93FDDD}.Release|Any CPU.ActiveCfg = Release|Any CPU
		{AA883B8B-7C07-42AF-908C-A6BE7D93FDDD}.Release|Any CPU.Build.0 = Release|Any CPU
		{50C8B281-D894-4292-B3AF-A7B6D4C14BD5}.Debug|Any CPU.ActiveCfg = Debug|Any CPU
		{50C8B281-D894-4292-B3AF-A7B6D4C14BD5}.Debug|Any CPU.Build.0 = Debug|Any CPU
		{50C8B281-D894-4292-B3AF-A7B6D4C14BD5}.Release|Any CPU.ActiveCfg = Release|Any CPU
		{50C8B281-D894-4292-B3AF-A7B6D4C14BD5}.Release|Any CPU.Build.0 = Release|Any CPU
		{1055569F-9FA7-48E1-B522-D49106EDD9BE}.Debug|Any CPU.ActiveCfg = Debug|Any CPU
		{1055569F-9FA7-48E1-B522-D49106EDD9BE}.Debug|Any CPU.Build.0 = Debug|Any CPU
		{1055569F-9FA7-48E1-B522-D49106EDD9BE}.Release|Any CPU.ActiveCfg = Release|Any CPU
		{1055569F-9FA7-48E1-B522-D49106EDD9BE}.Release|Any CPU.Build.0 = Release|Any CPU
		{2B67A5CD-6F64-4FBD-B388-6FC41A2CEB2B}.Debug|Any CPU.ActiveCfg = Debug|Any CPU
		{2B67A5CD-6F64-4FBD-B388-6FC41A2CEB2B}.Debug|Any CPU.Build.0 = Debug|Any CPU
		{2B67A5CD-6F64-4FBD-B388-6FC41A2CEB2B}.Release|Any CPU.ActiveCfg = Release|Any CPU
		{2B67A5CD-6F64-4FBD-B388-6FC41A2CEB2B}.Release|Any CPU.Build.0 = Release|Any CPU
		{43E8F5C8-5408-48A5-AD9F-98CB2091758C}.Debug|Any CPU.ActiveCfg = Debug|Any CPU
		{43E8F5C8-5408-48A5-AD9F-98CB2091758C}.Debug|Any CPU.Build.0 = Debug|Any CPU
		{43E8F5C8-5408-48A5-AD9F-98CB2091758C}.Release|Any CPU.ActiveCfg = Release|Any CPU
		{43E8F5C8-5408-48A5-AD9F-98CB2091758C}.Release|Any CPU.Build.0 = Release|Any CPU
	EndGlobalSection
	GlobalSection(SolutionProperties) = preSolution
		HideSolutionNode = FALSE
	EndGlobalSection
	GlobalSection(ExtensibilityGlobals) = postSolution
		SolutionGuid = {172B9039-F9C2-4F0E-9719-7D7A74B4BCBB}
	EndGlobalSection
EndGlobal
