
Microsoft Visual Studio Solution File, Format Version 12.00
# Visual Studio Version 17
VisualStudioVersion = 17.10.34916.146
MinimumVisualStudioVersion = 10.0.40219.1
Project("{FAE04EC0-301F-11D3-BF4B-00C04F79EFBC}") = "Facade", "Facade.csproj", "{9A9325E1-DA2F-410D-8F49-3970E906852B}"
EndProject
Global
	GlobalSection(SolutionConfigurationPlatforms) = preSolution
		Debug|Any CPU = Debug|Any CPU
		Release|Any CPU = Release|Any CPU
	EndGlobalSection
	GlobalSection(ProjectConfigurationPlatforms) = postSolution
		{9A9325E1-DA2F-410D-8F49-3970E906852B}.Debug|Any CPU.ActiveCfg = Debug|Any CPU
		{9A9325E1-DA2F-410D-8F49-3970E906852B}.Debug|Any CPU.Build.0 = Debug|Any CPU
		{9A9325E1-DA2F-410D-8F49-3970E906852B}.Release|Any CPU.ActiveCfg = Release|Any CPU
		{9A9325E1-DA2F-410D-8F49-3970E906852B}.Release|Any CPU.Build.0 = Release|Any CPU
	EndGlobalSection
	GlobalSection(SolutionProperties) = preSolution
		HideSolutionNode = FALSE
	EndGlobalSection
	GlobalSection(ExtensibilityGlobals) = postSolution
		SolutionGuid = {A7F0D74F-222F-4675-8AFB-6E9B2D2A5CA9}
	EndGlobalSection
EndGlobal
