
Microsoft Visual Studio Solution File, Format Version 12.00
# Visual Studio Version 17
VisualStudioVersion = 17.7.34018.315
MinimumVisualStudioVersion = 10.0.40219.1
Project("{FAE04EC0-301F-11D3-BF4B-00C04F79EFBC}") = "UI", "UI\UI.csproj", "{B76EAAE2-09E3-45E9-9B49-7DA5F3779B3F}"
EndProject
Project("{FAE04EC0-301F-11D3-BF4B-00C04F79EFBC}") = "BE", "BE\BE.csproj", "{531B6AF0-6E3A-4330-B2C6-7F1AEF9BB47B}"
EndProject
Project("{FAE04EC0-301F-11D3-BF4B-00C04F79EFBC}") = "BLL", "BLL\BLL.csproj", "{96A59556-6D1E-4303-893E-FEB7916A28AC}"
EndProject
Project("{FAE04EC0-301F-11D3-BF4B-00C04F79EFBC}") = "DAL", "DAL\DAL.csproj", "{1B77B2A4-649E-4B0E-AA32-6D89FB358C90}"
EndProject
Global
	GlobalSection(SolutionConfigurationPlatforms) = preSolution
		Debug|Any CPU = Debug|Any CPU
		Release|Any CPU = Release|Any CPU
	EndGlobalSection
	GlobalSection(ProjectConfigurationPlatforms) = postSolution
		{B76EAAE2-09E3-45E9-9B49-7DA5F3779B3F}.Debug|Any CPU.ActiveCfg = Debug|Any CPU
		{B76EAAE2-09E3-45E9-9B49-7DA5F3779B3F}.Debug|Any CPU.Build.0 = Debug|Any CPU
		{B76EAAE2-09E3-45E9-9B49-7DA5F3779B3F}.Release|Any CPU.ActiveCfg = Release|Any CPU
		{B76EAAE2-09E3-45E9-9B49-7DA5F3779B3F}.Release|Any CPU.Build.0 = Release|Any CPU
		{531B6AF0-6E3A-4330-B2C6-7F1AEF9BB47B}.Debug|Any CPU.ActiveCfg = Debug|Any CPU
		{531B6AF0-6E3A-4330-B2C6-7F1AEF9BB47B}.Debug|Any CPU.Build.0 = Debug|Any CPU
		{531B6AF0-6E3A-4330-B2C6-7F1AEF9BB47B}.Release|Any CPU.ActiveCfg = Release|Any CPU
		{531B6AF0-6E3A-4330-B2C6-7F1AEF9BB47B}.Release|Any CPU.Build.0 = Release|Any CPU
		{96A59556-6D1E-4303-893E-FEB7916A28AC}.Debug|Any CPU.ActiveCfg = Debug|Any CPU
		{96A59556-6D1E-4303-893E-FEB7916A28AC}.Debug|Any CPU.Build.0 = Debug|Any CPU
		{96A59556-6D1E-4303-893E-FEB7916A28AC}.Release|Any CPU.ActiveCfg = Release|Any CPU
		{96A59556-6D1E-4303-893E-FEB7916A28AC}.Release|Any CPU.Build.0 = Release|Any CPU
		{1B77B2A4-649E-4B0E-AA32-6D89FB358C90}.Debug|Any CPU.ActiveCfg = Debug|Any CPU
		{1B77B2A4-649E-4B0E-AA32-6D89FB358C90}.Debug|Any CPU.Build.0 = Debug|Any CPU
		{1B77B2A4-649E-4B0E-AA32-6D89FB358C90}.Release|Any CPU.ActiveCfg = Release|Any CPU
		{1B77B2A4-649E-4B0E-AA32-6D89FB358C90}.Release|Any CPU.Build.0 = Release|Any CPU
	EndGlobalSection
	GlobalSection(SolutionProperties) = preSolution
		HideSolutionNode = FALSE
	EndGlobalSection
	GlobalSection(ExtensibilityGlobals) = postSolution
		SolutionGuid = {9DACE0EC-8116-49A8-A757-2083E736B830}
	EndGlobalSection
EndGlobal
