
Microsoft Visual Studio Solution File, Format Version 12.00
# Visual Studio Version 17
VisualStudioVersion = 17.10.34916.146
MinimumVisualStudioVersion = 10.0.40219.1
Project("{FAE04EC0-301F-11D3-BF4B-00C04F79EFBC}") = "BLL", "CompositePersistente\BLL.csproj", "{0B272467-65E0-44E2-A2C8-EE5EFA9836AE}"
EndProject
Project("{FAE04EC0-301F-11D3-BF4B-00C04F79EFBC}") = "GUI", "CompositePersistente.UI.Forms\GUI.csproj", "{7576513B-1370-4DE9-8F80-3102F2AA5DDE}"
EndProject
Project("{FAE04EC0-301F-11D3-BF4B-00C04F79EFBC}") = "DAL", "CompositePersistente.DAL\DAL.csproj", "{00854BAF-916A-4EF1-8CA5-3611B5E75425}"
EndProject
Project("{FAE04EC0-301F-11D3-BF4B-00C04F79EFBC}") = "BEL", "CompositePersistente.BE\BEL.csproj", "{2AD1A921-6077-4089-A9D4-08793087641E}"
EndProject
Project("{FAE04EC0-301F-11D3-BF4B-00C04F79EFBC}") = "MPP", "CompositePersistente.MPP\MPP.csproj", "{9E46D575-5DF3-49E4-86B3-0E7B62AAE6BD}"
EndProject
Global
	GlobalSection(SolutionConfigurationPlatforms) = preSolution
		Debug|Any CPU = Debug|Any CPU
		Release|Any CPU = Release|Any CPU
	EndGlobalSection
	GlobalSection(ProjectConfigurationPlatforms) = postSolution
		{0B272467-65E0-44E2-A2C8-EE5EFA9836AE}.Debug|Any CPU.ActiveCfg = Debug|Any CPU
		{0B272467-65E0-44E2-A2C8-EE5EFA9836AE}.Debug|Any CPU.Build.0 = Debug|Any CPU
		{0B272467-65E0-44E2-A2C8-EE5EFA9836AE}.Release|Any CPU.ActiveCfg = Release|Any CPU
		{0B272467-65E0-44E2-A2C8-EE5EFA9836AE}.Release|Any CPU.Build.0 = Release|Any CPU
		{7576513B-1370-4DE9-8F80-3102F2AA5DDE}.Debug|Any CPU.ActiveCfg = Debug|Any CPU
		{7576513B-1370-4DE9-8F80-3102F2AA5DDE}.Debug|Any CPU.Build.0 = Debug|Any CPU
		{7576513B-1370-4DE9-8F80-3102F2AA5DDE}.Release|Any CPU.ActiveCfg = Release|Any CPU
		{7576513B-1370-4DE9-8F80-3102F2AA5DDE}.Release|Any CPU.Build.0 = Release|Any CPU
		{00854BAF-916A-4EF1-8CA5-3611B5E75425}.Debug|Any CPU.ActiveCfg = Debug|Any CPU
		{00854BAF-916A-4EF1-8CA5-3611B5E75425}.Debug|Any CPU.Build.0 = Debug|Any CPU
		{00854BAF-916A-4EF1-8CA5-3611B5E75425}.Release|Any CPU.ActiveCfg = Release|Any CPU
		{00854BAF-916A-4EF1-8CA5-3611B5E75425}.Release|Any CPU.Build.0 = Release|Any CPU
		{2AD1A921-6077-4089-A9D4-08793087641E}.Debug|Any CPU.ActiveCfg = Debug|Any CPU
		{2AD1A921-6077-4089-A9D4-08793087641E}.Debug|Any CPU.Build.0 = Debug|Any CPU
		{2AD1A921-6077-4089-A9D4-08793087641E}.Release|Any CPU.ActiveCfg = Release|Any CPU
		{2AD1A921-6077-4089-A9D4-08793087641E}.Release|Any CPU.Build.0 = Release|Any CPU
		{9E46D575-5DF3-49E4-86B3-0E7B62AAE6BD}.Debug|Any CPU.ActiveCfg = Debug|Any CPU
		{9E46D575-5DF3-49E4-86B3-0E7B62AAE6BD}.Debug|Any CPU.Build.0 = Debug|Any CPU
		{9E46D575-5DF3-49E4-86B3-0E7B62AAE6BD}.Release|Any CPU.ActiveCfg = Release|Any CPU
		{9E46D575-5DF3-49E4-86B3-0E7B62AAE6BD}.Release|Any CPU.Build.0 = Release|Any CPU
	EndGlobalSection
	GlobalSection(SolutionProperties) = preSolution
		HideSolutionNode = FALSE
	EndGlobalSection
	GlobalSection(ExtensibilityGlobals) = postSolution
		SolutionGuid = {A86ADB0E-EB02-4602-8A66-5339F1768374}
	EndGlobalSection
EndGlobal
