
Microsoft Visual Studio Solution File, Format Version 12.00
# Visual Studio Version 16
VisualStudioVersion = 16.0.30114.105
MinimumVisualStudioVersion = 10.0.40219.1
Project("{FAE04EC0-301F-11D3-BF4B-00C04F79EFBC}") = "Patrones.Singleton.Core", "Patrones.Singleton.Core\Patrones.Singleton.Core.csproj", "{0040C578-A6A8-4F60-A075-BB951F9A4A22}"
EndProject
Project("{FAE04EC0-301F-11D3-BF4B-00C04F79EFBC}") = "Patrones.Singleton.Console", "Patrones.Singleton.Console\Patrones.Singleton.Console.csproj", "{300C1049-64A5-430E-904A-46214D42FDD2}"
EndProject
Global
	GlobalSection(SolutionConfigurationPlatforms) = preSolution
		Debug|Any CPU = Debug|Any CPU
		Release|Any CPU = Release|Any CPU
	EndGlobalSection
	GlobalSection(ProjectConfigurationPlatforms) = postSolution
		{0040C578-A6A8-4F60-A075-BB951F9A4A22}.Debug|Any CPU.ActiveCfg = Debug|Any CPU
		{0040C578-A6A8-4F60-A075-BB951F9A4A22}.Debug|Any CPU.Build.0 = Debug|Any CPU
		{0040C578-A6A8-4F60-A075-BB951F9A4A22}.Release|Any CPU.ActiveCfg = Release|Any CPU
		{0040C578-A6A8-4F60-A075-BB951F9A4A22}.Release|Any CPU.Build.0 = Release|Any CPU
		{300C1049-64A5-430E-904A-46214D42FDD2}.Debug|Any CPU.ActiveCfg = Debug|Any CPU
		{300C1049-64A5-430E-904A-46214D42FDD2}.Debug|Any CPU.Build.0 = Debug|Any CPU
		{300C1049-64A5-430E-904A-46214D42FDD2}.Release|Any CPU.ActiveCfg = Release|Any CPU
		{300C1049-64A5-430E-904A-46214D42FDD2}.Release|Any CPU.Build.0 = Release|Any CPU
	EndGlobalSection
	GlobalSection(SolutionProperties) = preSolution
		HideSolutionNode = FALSE
	EndGlobalSection
	GlobalSection(ExtensibilityGlobals) = postSolution
		SolutionGuid = {7E8D64F5-3915-405C-9E40-B3E2488D5DF3}
	EndGlobalSection
EndGlobal
