
Microsoft Visual Studio Solution File, Format Version 12.00
# Visual Studio Version 17
VisualStudioVersion = 17.9.34622.214
MinimumVisualStudioVersion = 10.0.40219.1
Project("{FAE04EC0-301F-11D3-BF4B-00C04F79EFBC}") = "MVC", "MVC\MVC.csproj", "{C0BB4755-DE79-4529-8395-578BFCE141DF}"
EndProject
Global
	GlobalSection(SolutionConfigurationPlatforms) = preSolution
		Debug|Any CPU = Debug|Any CPU
		Release|Any CPU = Release|Any CPU
	EndGlobalSection
	GlobalSection(ProjectConfigurationPlatforms) = postSolution
		{C0BB4755-DE79-4529-8395-578BFCE141DF}.Debug|Any CPU.ActiveCfg = Debug|Any CPU
		{C0BB4755-DE79-4529-8395-578BFCE141DF}.Debug|Any CPU.Build.0 = Debug|Any CPU
		{C0BB4755-DE79-4529-8395-578BFCE141DF}.Release|Any CPU.ActiveCfg = Release|Any CPU
		{C0BB4755-DE79-4529-8395-578BFCE141DF}.Release|Any CPU.Build.0 = Release|Any CPU
	EndGlobalSection
	GlobalSection(SolutionProperties) = preSolution
		HideSolutionNode = FALSE
	EndGlobalSection
	GlobalSection(ExtensibilityGlobals) = postSolution
		SolutionGuid = {0969FFF4-1150-4716-A70E-F107C3803A73}
	EndGlobalSection
EndGlobal
