
Microsoft Visual Studio Solution File, Format Version 12.00
# Visual Studio Version 17
VisualStudioVersion = 17.10.34916.146
MinimumVisualStudioVersion = 10.0.40219.1
Project("{FAE04EC0-301F-11D3-BF4B-00C04F79EFBC}") = "PatrónAdapter CSharp", "PatrónAdapter CSharp.csproj", "{FB49154D-73F3-48EF-A08D-60FF770C1457}"
EndProject
Global
	GlobalSection(SolutionConfigurationPlatforms) = preSolution
		Debug|Any CPU = Debug|Any CPU
		Release|Any CPU = Release|Any CPU
	EndGlobalSection
	GlobalSection(ProjectConfigurationPlatforms) = postSolution
		{FB49154D-73F3-48EF-A08D-60FF770C1457}.Debug|Any CPU.ActiveCfg = Debug|Any CPU
		{FB49154D-73F3-48EF-A08D-60FF770C1457}.Debug|Any CPU.Build.0 = Debug|Any CPU
		{FB49154D-73F3-48EF-A08D-60FF770C1457}.Release|Any CPU.ActiveCfg = Release|Any CPU
		{FB49154D-73F3-48EF-A08D-60FF770C1457}.Release|Any CPU.Build.0 = Release|Any CPU
	EndGlobalSection
	GlobalSection(SolutionProperties) = preSolution
		HideSolutionNode = FALSE
	EndGlobalSection
	GlobalSection(ExtensibilityGlobals) = postSolution
		SolutionGuid = {9BB54B03-3E5E-40FD-854B-03355ACA884F}
	EndGlobalSection
EndGlobal
