
Microsoft Visual Studio Solution File, Format Version 12.00
# Visual Studio Version 17
VisualStudioVersion = 17.10.35004.147
MinimumVisualStudioVersion = 10.0.40219.1
Project("{FAE04EC0-301F-11D3-BF4B-00C04F79EFBC}") = "CommandPattern", "CommandPattern.csproj", "{75ADE71B-154D-4070-9E6B-DFED7B4EA5F9}"
EndProject
Global
	GlobalSection(SolutionConfigurationPlatforms) = preSolution
		Debug|Any CPU = Debug|Any CPU
		Release|Any CPU = Release|Any CPU
	EndGlobalSection
	GlobalSection(ProjectConfigurationPlatforms) = postSolution
		{75ADE71B-154D-4070-9E6B-DFED7B4EA5F9}.Debug|Any CPU.ActiveCfg = Debug|Any CPU
		{75ADE71B-154D-4070-9E6B-DFED7B4EA5F9}.Debug|Any CPU.Build.0 = Debug|Any CPU
		{75ADE71B-154D-4070-9E6B-DFED7B4EA5F9}.Release|Any CPU.ActiveCfg = Release|Any CPU
		{75ADE71B-154D-4070-9E6B-DFED7B4EA5F9}.Release|Any CPU.Build.0 = Release|Any CPU
	EndGlobalSection
	GlobalSection(SolutionProperties) = preSolution
		HideSolutionNode = FALSE
	EndGlobalSection
	GlobalSection(ExtensibilityGlobals) = postSolution
		SolutionGuid = {7EEA2786-CD8F-4241-B581-0C358994B9A0}
	EndGlobalSection
EndGlobal
