
Microsoft Visual Studio Solution File, Format Version 12.00
# Visual Studio Version 17
VisualStudioVersion = 17.10.35004.147
MinimumVisualStudioVersion = 10.0.40219.1
Project("{FAE04EC0-301F-11D3-BF4B-00C04F79EFBC}") = "MementoPattern", "MementoPattern.csproj", "{37FF8328-718A-4719-9172-8C83DB549395}"
EndProject
Global
	GlobalSection(SolutionConfigurationPlatforms) = preSolution
		Debug|Any CPU = Debug|Any CPU
		Release|Any CPU = Release|Any CPU
	EndGlobalSection
	GlobalSection(ProjectConfigurationPlatforms) = postSolution
		{37FF8328-718A-4719-9172-8C83DB549395}.Debug|Any CPU.ActiveCfg = Debug|Any CPU
		{37FF8328-718A-4719-9172-8C83DB549395}.Debug|Any CPU.Build.0 = Debug|Any CPU
		{37FF8328-718A-4719-9172-8C83DB549395}.Release|Any CPU.ActiveCfg = Release|Any CPU
		{37FF8328-718A-4719-9172-8C83DB549395}.Release|Any CPU.Build.0 = Release|Any CPU
	EndGlobalSection
	GlobalSection(SolutionProperties) = preSolution
		HideSolutionNode = FALSE
	EndGlobalSection
	GlobalSection(ExtensibilityGlobals) = postSolution
		SolutionGuid = {26DF7F8C-645C-4C5A-A8B0-729A458BA1A9}
	EndGlobalSection
EndGlobal
