
Microsoft Visual Studio Solution File, Format Version 12.00
# Visual Studio Version 17
VisualStudioVersion = 17.7.34018.315
MinimumVisualStudioVersion = 10.0.40219.1
Project("{FAE04EC0-301F-11D3-BF4B-00C04F79EFBC}") = "UI_CINE", "UI_CINE\UI_CINE.csproj", "{AF855F08-4C7A-41BE-8141-9F6D2F6B6C03}"
EndProject
Project("{FAE04EC0-301F-11D3-BF4B-00C04F79EFBC}") = "BLL", "BLL\BLL.csproj", "{6D21F594-79E0-42A0-9DB5-07A13BAF65D3}"
EndProject
Project("{FAE04EC0-301F-11D3-BF4B-00C04F79EFBC}") = "BE", "BE\BE.csproj", "{B0B8F20C-8172-41C0-ACDF-266F4AB31F02}"
EndProject
Project("{FAE04EC0-301F-11D3-BF4B-00C04F79EFBC}") = "DAL", "DAL\DAL.csproj", "{7BAD279D-81B8-4C10-9FF8-C7A7A301DC19}"
EndProject
Global
	GlobalSection(SolutionConfigurationPlatforms) = preSolution
		Debug|Any CPU = Debug|Any CPU
		Release|Any CPU = Release|Any CPU
	EndGlobalSection
	GlobalSection(ProjectConfigurationPlatforms) = postSolution
		{AF855F08-4C7A-41BE-8141-9F6D2F6B6C03}.Debug|Any CPU.ActiveCfg = Debug|Any CPU
		{AF855F08-4C7A-41BE-8141-9F6D2F6B6C03}.Debug|Any CPU.Build.0 = Debug|Any CPU
		{AF855F08-4C7A-41BE-8141-9F6D2F6B6C03}.Release|Any CPU.ActiveCfg = Release|Any CPU
		{AF855F08-4C7A-41BE-8141-9F6D2F6B6C03}.Release|Any CPU.Build.0 = Release|Any CPU
		{6D21F594-79E0-42A0-9DB5-07A13BAF65D3}.Debug|Any CPU.ActiveCfg = Debug|Any CPU
		{6D21F594-79E0-42A0-9DB5-07A13BAF65D3}.Debug|Any CPU.Build.0 = Debug|Any CPU
		{6D21F594-79E0-42A0-9DB5-07A13BAF65D3}.Release|Any CPU.ActiveCfg = Release|Any CPU
		{6D21F594-79E0-42A0-9DB5-07A13BAF65D3}.Release|Any CPU.Build.0 = Release|Any CPU
		{B0B8F20C-8172-41C0-ACDF-266F4AB31F02}.Debug|Any CPU.ActiveCfg = Debug|Any CPU
		{B0B8F20C-8172-41C0-ACDF-266F4AB31F02}.Debug|Any CPU.Build.0 = Debug|Any CPU
		{B0B8F20C-8172-41C0-ACDF-266F4AB31F02}.Release|Any CPU.ActiveCfg = Release|Any CPU
		{B0B8F20C-8172-41C0-ACDF-266F4AB31F02}.Release|Any CPU.Build.0 = Release|Any CPU
		{7BAD279D-81B8-4C10-9FF8-C7A7A301DC19}.Debug|Any CPU.ActiveCfg = Debug|Any CPU
		{7BAD279D-81B8-4C10-9FF8-C7A7A301DC19}.Debug|Any CPU.Build.0 = Debug|Any CPU
		{7BAD279D-81B8-4C10-9FF8-C7A7A301DC19}.Release|Any CPU.ActiveCfg = Release|Any CPU
		{7BAD279D-81B8-4C10-9FF8-C7A7A301DC19}.Release|Any CPU.Build.0 = Release|Any CPU
	EndGlobalSection
	GlobalSection(SolutionProperties) = preSolution
		HideSolutionNode = FALSE
	EndGlobalSection
	GlobalSection(ExtensibilityGlobals) = postSolution
		SolutionGuid = {4C376E74-0194-4F59-AA46-AF74257D37D8}
	EndGlobalSection
EndGlobal
