
Microsoft Visual Studio Solution File, Format Version 12.00
# Visual Studio Version 17
VisualStudioVersion = 17.9.34622.214
MinimumVisualStudioVersion = 10.0.40219.1
Project("{FAE04EC0-301F-11D3-BF4B-00C04F79EFBC}") = "FormRibbon", "FormRibbon.csproj", "{5A321BD5-3A0A-4F84-95AF-8FDF4BE7BA56}"
EndProject
Global
	GlobalSection(SolutionConfigurationPlatforms) = preSolution
		Debug|Any CPU = Debug|Any CPU
		Release|Any CPU = Release|Any CPU
	EndGlobalSection
	GlobalSection(ProjectConfigurationPlatforms) = postSolution
		{5A321BD5-3A0A-4F84-95AF-8FDF4BE7BA56}.Debug|Any CPU.ActiveCfg = Debug|Any CPU
		{5A321BD5-3A0A-4F84-95AF-8FDF4BE7BA56}.Debug|Any CPU.Build.0 = Debug|Any CPU
		{5A321BD5-3A0A-4F84-95AF-8FDF4BE7BA56}.Release|Any CPU.ActiveCfg = Release|Any CPU
		{5A321BD5-3A0A-4F84-95AF-8FDF4BE7BA56}.Release|Any CPU.Build.0 = Release|Any CPU
	EndGlobalSection
	GlobalSection(SolutionProperties) = preSolution
		HideSolutionNode = FALSE
	EndGlobalSection
	GlobalSection(ExtensibilityGlobals) = postSolution
		SolutionGuid = {CD4D9852-5885-40DC-AF8E-6AB7EA1C0B93}
	EndGlobalSection
EndGlobal
