
Microsoft Visual Studio Solution File, Format Version 12.00
# Visual Studio Version 17
VisualStudioVersion = 17.9.34622.214
MinimumVisualStudioVersion = 10.0.40219.1

Project("{FAE04EC0-301F-11D3-BF4B-00C04F79EFBC}") = "1) Vista", "Vista\1) Vista.csproj", "{AA8C5881-2E91-434B-B252-04448C867B71}"
EndProject

Project("{FAE04EC0-301F-11D3-BF4B-00C04F79EFBC}") = "2) Controlador", "Controlador\2) Controlador.csproj", "{254532E3-8DD6-4D6C-8022-ED8CB075AC81}"
EndProject

Project("{FAE04EC0-301F-11D3-BF4B-00C04F79EFBC}") = "3) Modelo", "Modelo\3) Modelo.csproj", "{0EACCC21-81C4-43FE-B410-45EBA21BA20E}"
EndProject

Global
	GlobalSection(SolutionConfigurationPlatforms) = preSolution
		Debug|Any CPU = Debug|Any CPU
		Release|Any CPU = Release|Any CPU
	EndGlobalSection
	GlobalSection(ProjectConfigurationPlatforms) = postSolution
		{254532E3-8DD6-4D6C-8022-ED8CB075AC81}.Debug|Any CPU.ActiveCfg = Debug|Any CPU
		{254532E3-8DD6-4D6C-8022-ED8CB075AC81}.Debug|Any CPU.Build.0 = Debug|Any CPU
		{254532E3-8DD6-4D6C-8022-ED8CB075AC81}.Release|Any CPU.ActiveCfg = Release|Any CPU
		{254532E3-8DD6-4D6C-8022-ED8CB075AC81}.Release|Any CPU.Build.0 = Release|Any CPU
		{0EACCC21-81C4-43FE-B410-45EBA21BA20E}.Debug|Any CPU.ActiveCfg = Debug|Any CPU
		{0EACCC21-81C4-43FE-B410-45EBA21BA20E}.Debug|Any CPU.Build.0 = Debug|Any CPU
		{0EACCC21-81C4-43FE-B410-45EBA21BA20E}.Release|Any CPU.ActiveCfg = Release|Any CPU
		{0EACCC21-81C4-43FE-B410-45EBA21BA20E}.Release|Any CPU.Build.0 = Release|Any CPU
		{AA8C5881-2E91-434B-B252-04448C867B71}.Debug|Any CPU.ActiveCfg = Debug|Any CPU
		{AA8C5881-2E91-434B-B252-04448C867B71}.Debug|Any CPU.Build.0 = Debug|Any CPU
		{AA8C5881-2E91-434B-B252-04448C867B71}.Release|Any CPU.ActiveCfg = Release|Any CPU
		{AA8C5881-2E91-434B-B252-04448C867B71}.Release|Any CPU.Build.0 = Release|Any CPU
	EndGlobalSection
	GlobalSection(SolutionProperties) = preSolution
		HideSolutionNode = FALSE
	EndGlobalSection
	GlobalSection(ExtensibilityGlobals) = postSolution
		SolutionGuid = {8D716D1B-5EBC-41F2-BBA4-156F7E0FF8E7}
	EndGlobalSection
EndGlobal
