
Microsoft Visual Studio Solution File, Format Version 12.00
# Visual Studio 15
VisualStudioVersion = 15.0.26730.12
MinimumVisualStudioVersion = 10.0.40219.1
Project("{FAE04EC0-301F-11D3-BF4B-00C04F79EFBC}") = "CompositePersistente", "CompositePersistente\CompositePersistente.csproj", "{0B272467-65E0-44E2-A2C8-EE5EFA9836AE}"
EndProject
Project("{FAE04EC0-301F-11D3-BF4B-00C04F79EFBC}") = "CompositePersistente.UI", "CompositePersistente.UI\CompositePersistente.UI.csproj", "{6D6D1AA0-5B91-4AD9-9FD2-E13E13649B71}"
EndProject
Global
	GlobalSection(SolutionConfigurationPlatforms) = preSolution
		Debug|Any CPU = Debug|Any CPU
		Release|Any CPU = Release|Any CPU
	EndGlobalSection
	GlobalSection(ProjectConfigurationPlatforms) = postSolution
		{0B272467-65E0-44E2-A2C8-EE5EFA9836AE}.Debug|Any CPU.ActiveCfg = Debug|Any CPU
		{0B272467-65E0-44E2-A2C8-EE5EFA9836AE}.Debug|Any CPU.Build.0 = Debug|Any CPU
		{0B272467-65E0-44E2-A2C8-EE5EFA9836AE}.Release|Any CPU.ActiveCfg = Release|Any CPU
		{0B272467-65E0-44E2-A2C8-EE5EFA9836AE}.Release|Any CPU.Build.0 = Release|Any CPU
		{6D6D1AA0-5B91-4AD9-9FD2-E13E13649B71}.Debug|Any CPU.ActiveCfg = Debug|Any CPU
		{6D6D1AA0-5B91-4AD9-9FD2-E13E13649B71}.Debug|Any CPU.Build.0 = Debug|Any CPU
		{6D6D1AA0-5B91-4AD9-9FD2-E13E13649B71}.Release|Any CPU.ActiveCfg = Release|Any CPU
		{6D6D1AA0-5B91-4AD9-9FD2-E13E13649B71}.Release|Any CPU.Build.0 = Release|Any CPU
	EndGlobalSection
	GlobalSection(SolutionProperties) = preSolution
		HideSolutionNode = FALSE
	EndGlobalSection
	GlobalSection(ExtensibilityGlobals) = postSolution
		SolutionGuid = {A86ADB0E-EB02-4602-8A66-5339F1768374}
	EndGlobalSection
EndGlobal
