
Microsoft Visual Studio Solution File, Format Version 12.00
# Visual Studio Version 17
VisualStudioVersion = 17.10.34916.146
MinimumVisualStudioVersion = 10.0.40219.1
Project("{FAE04EC0-301F-11D3-BF4B-00C04F79EFBC}") = "MasterClass", "MasterClass.csproj", "{6BE7B474-B7D1-4342-956E-BDCE2219DAE7}"
EndProject
Global
	GlobalSection(SolutionConfigurationPlatforms) = preSolution
		Debug|Any CPU = Debug|Any CPU
		Release|Any CPU = Release|Any CPU
	EndGlobalSection
	GlobalSection(ProjectConfigurationPlatforms) = postSolution
		{6BE7B474-B7D1-4342-956E-BDCE2219DAE7}.Debug|Any CPU.ActiveCfg = Debug|Any CPU
		{6BE7B474-B7D1-4342-956E-BDCE2219DAE7}.Debug|Any CPU.Build.0 = Debug|Any CPU
		{6BE7B474-B7D1-4342-956E-BDCE2219DAE7}.Release|Any CPU.ActiveCfg = Release|Any CPU
		{6BE7B474-B7D1-4342-956E-BDCE2219DAE7}.Release|Any CPU.Build.0 = Release|Any CPU
	EndGlobalSection
	GlobalSection(SolutionProperties) = preSolution
		HideSolutionNode = FALSE
	EndGlobalSection
	GlobalSection(ExtensibilityGlobals) = postSolution
		SolutionGuid = {25F3E19B-4E1F-4354-8070-AD43A96852C9}
	EndGlobalSection
EndGlobal
