
Microsoft Visual Studio Solution File, Format Version 12.00
# Visual Studio Version 17
VisualStudioVersion = 17.9.34622.214
MinimumVisualStudioVersion = 10.0.40219.1
Project("{FAE04EC0-301F-11D3-BF4B-00C04F79EFBC}") = "Vista", "Vista\Vista.csproj", "{69D43349-61E2-4EEA-B0D2-E53D9BA9A4DA}"
EndProject
Project("{FAE04EC0-301F-11D3-BF4B-00C04F79EFBC}") = "Controlador", "Controlador\Controlador.csproj", "{CAEC2434-4B6E-407A-A5AD-EED448674F1C}"
EndProject
Project("{FAE04EC0-301F-11D3-BF4B-00C04F79EFBC}") = "Modelo", "Modelo\Modelo.csproj", "{A92E511F-EAED-44AD-B4A5-399355DB48F9}"
EndProject
Global
	GlobalSection(SolutionConfigurationPlatforms) = preSolution
		Debug|Any CPU = Debug|Any CPU
		Release|Any CPU = Release|Any CPU
	EndGlobalSection
	GlobalSection(ProjectConfigurationPlatforms) = postSolution
		{69D43349-61E2-4EEA-B0D2-E53D9BA9A4DA}.Debug|Any CPU.ActiveCfg = Debug|Any CPU
		{69D43349-61E2-4EEA-B0D2-E53D9BA9A4DA}.Debug|Any CPU.Build.0 = Debug|Any CPU
		{69D43349-61E2-4EEA-B0D2-E53D9BA9A4DA}.Release|Any CPU.ActiveCfg = Release|Any CPU
		{69D43349-61E2-4EEA-B0D2-E53D9BA9A4DA}.Release|Any CPU.Build.0 = Release|Any CPU
		{CAEC2434-4B6E-407A-A5AD-EED448674F1C}.Debug|Any CPU.ActiveCfg = Debug|Any CPU
		{CAEC2434-4B6E-407A-A5AD-EED448674F1C}.Debug|Any CPU.Build.0 = Debug|Any CPU
		{CAEC2434-4B6E-407A-A5AD-EED448674F1C}.Release|Any CPU.ActiveCfg = Release|Any CPU
		{CAEC2434-4B6E-407A-A5AD-EED448674F1C}.Release|Any CPU.Build.0 = Release|Any CPU
		{A92E511F-EAED-44AD-B4A5-399355DB48F9}.Debug|Any CPU.ActiveCfg = Debug|Any CPU
		{A92E511F-EAED-44AD-B4A5-399355DB48F9}.Debug|Any CPU.Build.0 = Debug|Any CPU
		{A92E511F-EAED-44AD-B4A5-399355DB48F9}.Release|Any CPU.ActiveCfg = Release|Any CPU
		{A92E511F-EAED-44AD-B4A5-399355DB48F9}.Release|Any CPU.Build.0 = Release|Any CPU
	EndGlobalSection
	GlobalSection(SolutionProperties) = preSolution
		HideSolutionNode = FALSE
	EndGlobalSection
	GlobalSection(ExtensibilityGlobals) = postSolution
		SolutionGuid = {0969FFF4-1150-4716-A70E-F107C3803A73}
	EndGlobalSection
EndGlobal
