
Microsoft Visual Studio Solution File, Format Version 12.00
# Visual Studio Version 17
VisualStudioVersion = 17.9.34622.214
MinimumVisualStudioVersion = 10.0.40219.1
Project("{FAE04EC0-301F-11D3-BF4B-00C04F79EFBC}") = "PatitosCSharp", "PatitosCSharp.csproj", "{D516C264-B113-44EC-BB5E-1617E562BAD8}"
EndProject
Global
	GlobalSection(SolutionConfigurationPlatforms) = preSolution
		Debug|Any CPU = Debug|Any CPU
		Release|Any CPU = Release|Any CPU
	EndGlobalSection
	GlobalSection(ProjectConfigurationPlatforms) = postSolution
		{D516C264-B113-44EC-BB5E-1617E562BAD8}.Debug|Any CPU.ActiveCfg = Debug|Any CPU
		{D516C264-B113-44EC-BB5E-1617E562BAD8}.Debug|Any CPU.Build.0 = Debug|Any CPU
		{D516C264-B113-44EC-BB5E-1617E562BAD8}.Release|Any CPU.ActiveCfg = Release|Any CPU
		{D516C264-B113-44EC-BB5E-1617E562BAD8}.Release|Any CPU.Build.0 = Release|Any CPU
	EndGlobalSection
	GlobalSection(SolutionProperties) = preSolution
		HideSolutionNode = FALSE
	EndGlobalSection
	GlobalSection(ExtensibilityGlobals) = postSolution
		SolutionGuid = {11CEFAE6-69F7-4C73-8459-16EA90E8C326}
	EndGlobalSection
EndGlobal
