
Microsoft Visual Studio Solution File, Format Version 12.00
# Visual Studio Version 17
VisualStudioVersion = 17.10.34916.146
MinimumVisualStudioVersion = 10.0.40219.1
Project("{FAE04EC0-301F-11D3-BF4B-00C04F79EFBC}") = "WinFormsApp", "WinFormsApp.csproj", "{5CBD4C40-F975-467C-922D-38F2ACDA4607}"
EndProject
Global
	GlobalSection(SolutionConfigurationPlatforms) = preSolution
		Debug|Any CPU = Debug|Any CPU
		Release|Any CPU = Release|Any CPU
	EndGlobalSection
	GlobalSection(ProjectConfigurationPlatforms) = postSolution
		{5CBD4C40-F975-467C-922D-38F2ACDA4607}.Debug|Any CPU.ActiveCfg = Debug|Any CPU
		{5CBD4C40-F975-467C-922D-38F2ACDA4607}.Debug|Any CPU.Build.0 = Debug|Any CPU
		{5CBD4C40-F975-467C-922D-38F2ACDA4607}.Release|Any CPU.ActiveCfg = Release|Any CPU
		{5CBD4C40-F975-467C-922D-38F2ACDA4607}.Release|Any CPU.Build.0 = Release|Any CPU
	EndGlobalSection
	GlobalSection(SolutionProperties) = preSolution
		HideSolutionNode = FALSE
	EndGlobalSection
	GlobalSection(ExtensibilityGlobals) = postSolution
		SolutionGuid = {5E00F0DE-74CB-442A-BECB-65CC447EDFAD}
	EndGlobalSection
EndGlobal
