
Microsoft Visual Studio Solution File, Format Version 12.00
# Visual Studio Version 17
VisualStudioVersion = 17.9.34714.143
MinimumVisualStudioVersion = 10.0.40219.1
Project("{FAE04EC0-301F-11D3-BF4B-00C04F79EFBC}") = "TestEncriptador", "TestEncriptador\TestEncriptador.csproj", "{E91707D8-32E8-4F85-8FCF-D9ACFEDF41EB}"
EndProject
Global
	GlobalSection(SolutionConfigurationPlatforms) = preSolution
		Debug|Any CPU = Debug|Any CPU
		Release|Any CPU = Release|Any CPU
	EndGlobalSection
	GlobalSection(ProjectConfigurationPlatforms) = postSolution
		{E91707D8-32E8-4F85-8FCF-D9ACFEDF41EB}.Debug|Any CPU.ActiveCfg = Debug|Any CPU
		{E91707D8-32E8-4F85-8FCF-D9ACFEDF41EB}.Debug|Any CPU.Build.0 = Debug|Any CPU
		{E91707D8-32E8-4F85-8FCF-D9ACFEDF41EB}.Release|Any CPU.ActiveCfg = Release|Any CPU
		{E91707D8-32E8-4F85-8FCF-D9ACFEDF41EB}.Release|Any CPU.Build.0 = Release|Any CPU
	EndGlobalSection
	GlobalSection(SolutionProperties) = preSolution
		HideSolutionNode = FALSE
	EndGlobalSection
	GlobalSection(ExtensibilityGlobals) = postSolution
		SolutionGuid = {9F449BF8-5D3B-41DB-9BB7-1DA3CC10D03F}
	EndGlobalSection
EndGlobal
