
Microsoft Visual Studio Solution File, Format Version 12.00
# Visual Studio Version 17
VisualStudioVersion = 17.10.35004.147
MinimumVisualStudioVersion = 10.0.40219.1
Project("{FAE04EC0-301F-11D3-BF4B-00C04F79EFBC}") = "AplicacionConsola", "AplicacionConsola\AplicacionConsola.csproj", "{8EAF00AF-F9CD-4F34-9E19-808C2E55D337}"
EndProject
Project("{FAE04EC0-301F-11D3-BF4B-00C04F79EFBC}") = "AplicacionLibreria", "AplicacionLibreria\AplicacionLibreria.csproj", "{F0A792BB-E40D-4117-9360-ADE4FA85CDFC}"
EndProject
Global
	GlobalSection(SolutionConfigurationPlatforms) = preSolution
		Debug|Any CPU = Debug|Any CPU
		Release|Any CPU = Release|Any CPU
	EndGlobalSection
	GlobalSection(ProjectConfigurationPlatforms) = postSolution
		{8EAF00AF-F9CD-4F34-9E19-808C2E55D337}.Debug|Any CPU.ActiveCfg = Debug|Any CPU
		{8EAF00AF-F9CD-4F34-9E19-808C2E55D337}.Debug|Any CPU.Build.0 = Debug|Any CPU
		{8EAF00AF-F9CD-4F34-9E19-808C2E55D337}.Release|Any CPU.ActiveCfg = Release|Any CPU
		{8EAF00AF-F9CD-4F34-9E19-808C2E55D337}.Release|Any CPU.Build.0 = Release|Any CPU
		{F0A792BB-E40D-4117-9360-ADE4FA85CDFC}.Debug|Any CPU.ActiveCfg = Debug|Any CPU
		{F0A792BB-E40D-4117-9360-ADE4FA85CDFC}.Debug|Any CPU.Build.0 = Debug|Any CPU
		{F0A792BB-E40D-4117-9360-ADE4FA85CDFC}.Release|Any CPU.ActiveCfg = Release|Any CPU
		{F0A792BB-E40D-4117-9360-ADE4FA85CDFC}.Release|Any CPU.Build.0 = Release|Any CPU
	EndGlobalSection
	GlobalSection(SolutionProperties) = preSolution
		HideSolutionNode = FALSE
	EndGlobalSection
	GlobalSection(ExtensibilityGlobals) = postSolution
		SolutionGuid = {20B402D2-1F4A-448D-B4C5-5E3AD081C302}
	EndGlobalSection
EndGlobal
