
Microsoft Visual Studio Solution File, Format Version 12.00
# Visual Studio Version 17
VisualStudioVersion = 17.9.34622.214
MinimumVisualStudioVersion = 10.0.40219.1
Project("{FAE04EC0-301F-11D3-BF4B-00C04F79EFBC}") = "WindowsFormsApp1", "WindowsFormsApp1.csproj", "{B46A3A39-F785-4AB6-BB60-E36606433BC8}"
EndProject
Global
	GlobalSection(SolutionConfigurationPlatforms) = preSolution
		Debug|Any CPU = Debug|Any CPU
		Release|Any CPU = Release|Any CPU
	EndGlobalSection
	GlobalSection(ProjectConfigurationPlatforms) = postSolution
		{B46A3A39-F785-4AB6-BB60-E36606433BC8}.Debug|Any CPU.ActiveCfg = Debug|Any CPU
		{B46A3A39-F785-4AB6-BB60-E36606433BC8}.Debug|Any CPU.Build.0 = Debug|Any CPU
		{B46A3A39-F785-4AB6-BB60-E36606433BC8}.Release|Any CPU.ActiveCfg = Release|Any CPU
		{B46A3A39-F785-4AB6-BB60-E36606433BC8}.Release|Any CPU.Build.0 = Release|Any CPU
	EndGlobalSection
	GlobalSection(SolutionProperties) = preSolution
		HideSolutionNode = FALSE
	EndGlobalSection
	GlobalSection(ExtensibilityGlobals) = postSolution
		SolutionGuid = {A3D9E804-4F08-4E19-A5FC-BB11CE846C64}
	EndGlobalSection
EndGlobal
