
Microsoft Visual Studio Solution File, Format Version 12.00
# Visual Studio Version 17
VisualStudioVersion = 17.10.35013.160
MinimumVisualStudioVersion = 10.0.40219.1
Project("{FAE04EC0-301F-11D3-BF4B-00C04F79EFBC}") = "DataFilter", "DataFilter.csproj", "{130D0A61-D367-482D-B7F6-7B4BF1D84BBA}"
EndProject
Global
	GlobalSection(SolutionConfigurationPlatforms) = preSolution
		Debug|Any CPU = Debug|Any CPU
		Release|Any CPU = Release|Any CPU
	EndGlobalSection
	GlobalSection(ProjectConfigurationPlatforms) = postSolution
		{130D0A61-D367-482D-B7F6-7B4BF1D84BBA}.Debug|Any CPU.ActiveCfg = Debug|Any CPU
		{130D0A61-D367-482D-B7F6-7B4BF1D84BBA}.Debug|Any CPU.Build.0 = Debug|Any CPU
		{130D0A61-D367-482D-B7F6-7B4BF1D84BBA}.Release|Any CPU.ActiveCfg = Release|Any CPU
		{130D0A61-D367-482D-B7F6-7B4BF1D84BBA}.Release|Any CPU.Build.0 = Release|Any CPU
	EndGlobalSection
	GlobalSection(SolutionProperties) = preSolution
		HideSolutionNode = FALSE
	EndGlobalSection
	GlobalSection(ExtensibilityGlobals) = postSolution
		SolutionGuid = {5CDBC1FF-98F9-49C8-9472-DAC9F9278C9F}
	EndGlobalSection
EndGlobal
